// !$*UTF8*$!
{
	archiveVersion = 1;
	classes = {
	};
	objectVersion = 46;
	objects = {

/* Begin PBXBuildFile section */
		709E308B1BFD62D100A65C83 /* AppDelegate.swift in Sources */ = {isa = PBXBuildFile; fileRef = 709E308A1BFD62D100A65C83 /* AppDelegate.swift */; };
		709E308E1BFD62D100A65C83 /* TestModal.xcdatamodeld in Sources */ = {isa = PBXBuildFile; fileRef = 709E308C1BFD62D100A65C83 /* TestModal.xcdatamodeld */; };
		709E30901BFD62D100A65C83 /* ViewController.swift in Sources */ = {isa = PBXBuildFile; fileRef = 709E308F1BFD62D100A65C83 /* ViewController.swift */; };
		709E30931BFD62D100A65C83 /* Main.storyboard in Resources */ = {isa = PBXBuildFile; fileRef = 709E30911BFD62D100A65C83 /* Main.storyboard */; };
		709E30951BFD62D100A65C83 /* Images.xcassets in Resources */ = {isa = PBXBuildFile; fileRef = 709E30941BFD62D100A65C83 /* Images.xcassets */; };
		709E30981BFD62D100A65C83 /* LaunchScreen.xib in Resources */ = {isa = PBXBuildFile; fileRef = 709E30961BFD62D100A65C83 /* LaunchScreen.xib */; };
		709E30A41BFD62D100A65C83 /* TestModalTests.swift in Sources */ = {isa = PBXBuildFile; fileRef = 709E30A31BFD62D100A65C83 /* TestModalTests.swift */; };
/* End PBXBuildFile section */

/* Begin PBXContainerItemProxy section */
		709E309E1BFD62D100A65C83 /* PBXContainerItemProxy */ = {
			isa = PBXContainerItemProxy;
			containerPortal = 709E307D1BFD62D100A65C83 /* Project object */;
			proxyType = 1;
			remoteGlobalIDString = 709E30841BFD62D100A65C83;
			remoteInfo = TestModal;
		};
/* End PBXContainerItemProxy section */

/* Begin PBXFileReference section */
		709E30851BFD62D100A65C83 /* TestModal.app */ = {isa = PBXFileReference; explicitFileType = wrapper.application; includeInIndex = 0; path = TestModal.app; sourceTree = BUILT_PRODUCTS_DIR; };
		709E30891BFD62D100A65C83 /* Info.plist */ = {isa = PBXFileReference; lastKnownFileType = text.plist.xml; path = Info.plist; sourceTree = "<group>"; };
		709E308A1BFD62D100A65C83 /* AppDelegate.swift */ = {isa = PBXFileReference; lastKnownFileType = sourcecode.swift; path = AppDelegate.swift; sourceTree = "<group>"; };
		709E308D1BFD62D100A65C83 /* TestModal.xcdatamodel */ = {isa = PBXFileReference; lastKnownFileType = wrapper.xcdatamodel; path = TestModal.xcdatamodel; sourceTree = "<group>"; };
		709E308F1BFD62D100A65C83 /* ViewController.swift */ = {isa = PBXFileReference; lastKnownFileType = sourcecode.swift; path = ViewController.swift; sourceTree = "<group>"; };
		709E30921BFD62D100A65C83 /* Base */ = {isa = PBXFileReference; lastKnownFileType = file.storyboard; name = Base; path = Base.lproj/Main.storyboard; sourceTree = "<group>"; };
		709E30941BFD62D100A65C83 /* Images.xcassets */ = {isa = PBXFileReference; lastKnownFileType = folder.assetcatalog; path = Images.xcassets; sourceTree = "<group>"; };
		709E30971BFD62D100A65C83 /* Base */ = {isa = PBXFileReference; lastKnownFileType = file.xib; name = Base; path = Base.lproj/LaunchScreen.xib; sourceTree = "<group>"; };
		709E309D1BFD62D100A65C83 /* TestModalTests.xctest */ = {isa = PBXFileReference; explicitFileType = wrapper.cfbundle; includeInIndex = 0; path = TestModalTests.xctest; sourceTree = BUILT_PRODUCTS_DIR; };
		709E30A21BFD62D100A65C83 /* Info.plist */ = {isa = PBXFileReference; lastKnownFileType = text.plist.xml; path = Info.plist; sourceTree = "<group>"; };
		709E30A31BFD62D100A65C83 /* TestModalTests.swift */ = {isa = PBXFileReference; lastKnownFileType = sourcecode.swift; path = TestModalTests.swift; sourceTree = "<group>"; };
/* End PBXFileReference section */

/* Begin PBXFrameworksBuildPhase section */
		709E30821BFD62D100A65C83 /* Frameworks */ = {
			isa = PBXFrameworksBuildPhase;
			buildActionMask = 2147483647;
			files = (
			);
			runOnlyForDeploymentPostprocessing = 0;
		};
		709E309A1BFD62D100A65C83 /* Frameworks */ = {
			isa = PBXFrameworksBuildPhase;
			buildActionMask = 2147483647;
			files = (
			);
			runOnlyForDeploymentPostprocessing = 0;
		};
/* End PBXFrameworksBuildPhase section */

/* Begin PBXGroup section */
		709E307C1BFD62D100A65C83 = {
			isa = PBXGroup;
			children = (
				709E30871BFD62D100A65C83 /* TestModal */,
				709E30A01BFD62D100A65C83 /* TestModalTests */,
				709E30861BFD62D100A65C83 /* Products */,
			);
			sourceTree = "<group>";
		};
		709E30861BFD62D100A65C83 /* Products */ = {
			isa = PBXGroup;
			children = (
				709E30851BFD62D100A65C83 /* TestModal.app */,
				709E309D1BFD62D100A65C83 /* TestModalTests.xctest */,
			);
			name = Products;
			sourceTree = "<group>";
		};
		709E30871BFD62D100A65C83 /* TestModal */ = {
			isa = PBXGroup;
			children = (
				709E308A1BFD62D100A65C83 /* AppDelegate.swift */,
				709E308F1BFD62D100A65C83 /* ViewController.swift */,
				709E30911BFD62D100A65C83 /* Main.storyboard */,
				709E30941BFD62D100A65C83 /* Images.xcassets */,
				709E30961BFD62D100A65C83 /* LaunchScreen.xib */,
				709E308C1BFD62D100A65C83 /* TestModal.xcdatamodeld */,
				709E30881BFD62D100A65C83 /* Supporting Files */,
			);
			path = TestModal;
			sourceTree = "<group>";
		};
		709E30881BFD62D100A65C83 /* Supporting Files */ = {
			isa = PBXGroup;
			children = (
				709E30891BFD62D100A65C83 /* Info.plist */,
			);
			name = "Supporting Files";
			sourceTree = "<group>";
		};
		709E30A01BFD62D100A65C83 /* TestModalTests */ = {
			isa = PBXGroup;
			children = (
				709E30A31BFD62D100A65C83 /* TestModalTests.swift */,
				709E30A11BFD62D100A65C83 /* Supporting Files */,
			);
			path = TestModalTests;
			sourceTree = "<group>";
		};
		709E30A11BFD62D100A65C83 /* Supporting Files */ = {
			isa = PBXGroup;
			children = (
				709E30A21BFD62D100A65C83 /* Info.plist */,
			);
			name = "Supporting Files";
			sourceTree = "<group>";
		};
/* End PBXGroup section */

/* Begin PBXNativeTarget section */
		709E30841BFD62D100A65C83 /* TestModal */ = {
			isa = PBXNativeTarget;
			buildConfigurationList = 709E30A71BFD62D100A65C83 /* Build configuration list for PBXNativeTarget "TestModal" */;
			buildPhases = (
				709E30811BFD62D100A65C83 /* Sources */,
				709E30821BFD62D100A65C83 /* Frameworks */,
				709E30831BFD62D100A65C83 /* Resources */,
			);
			buildRules = (
			);
			dependencies = (
			);
			name = TestModal;
			productName = TestModal;
			productReference = 709E30851BFD62D100A65C83 /* TestModal.app */;
			productType = "com.apple.product-type.application";
		};
		709E309C1BFD62D100A65C83 /* TestModalTests */ = {
			isa = PBXNativeTarget;
			buildConfigurationList = 709E30AA1BFD62D100A65C83 /* Build configuration list for PBXNativeTarget "TestModalTests" */;
			buildPhases = (
				709E30991BFD62D100A65C83 /* Sources */,
				709E309A1BFD62D100A65C83 /* Frameworks */,
				709E309B1BFD62D100A65C83 /* Resources */,
			);
			buildRules = (
			);
			dependencies = (
				709E309F1BFD62D100A65C83 /* PBXTargetDependency */,
			);
			name = TestModalTests;
			productName = TestModalTests;
			productReference = 709E309D1BFD62D100A65C83 /* TestModalTests.xctest */;
			productType = "com.apple.product-type.bundle.unit-test";
		};
/* End PBXNativeTarget section */

/* Begin PBXProject section */
		709E307D1BFD62D100A65C83 /* Project object */ = {
			isa = PBXProject;
			attributes = {
				LastUpgradeCheck = 0610;
				ORGANIZATIONNAME = "S Takahashi";
				TargetAttributes = {
					709E30841BFD62D100A65C83 = {
						CreatedOnToolsVersion = 6.1.1;
					};
					709E309C1BFD62D100A65C83 = {
						CreatedOnToolsVersion = 6.1.1;
						TestTargetID = 709E30841BFD62D100A65C83;
					};
				};
			};
			buildConfigurationList = 709E30801BFD62D100A65C83 /* Build configuration list for PBXProject "TestModal" */;
			compatibilityVersion = "Xcode 3.2";
			developmentRegion = English;
			hasScannedForEncodings = 0;
			knownRegions = (
				en,
				Base,
			);
			mainGroup = 709E307C1BFD62D100A65C83;
			productRefGroup = 709E30861BFD62D100A65C83 /* Products */;
			projectDirPath = "";
			projectRoot = "";
			targets = (
				709E30841BFD62D100A65C83 /* TestModal */,
				709E309C1BFD62D100A65C83 /* TestModalTests */,
			);
		};
/* End PBXProject section */

/* Begin PBXResourcesBuildPhase section */
		709E30831BFD62D100A65C83 /* Resources */ = {
			isa = PBXResourcesBuildPhase;
			buildActionMask = 2147483647;
			files = (
				709E30931BFD62D100A65C83 /* Main.storyboard in Resources */,
				709E30981BFD62D100A65C83 /* LaunchScreen.xib in Resources */,
				709E30951BFD62D100A65C83 /* Images.xcassets in Resources */,
			);
			runOnlyForDeploymentPostprocessing = 0;
		};
		709E309B1BFD62D100A65C83 /* Resources */ = {
			isa = PBXResourcesBuildPhase;
			buildActionMask = 2147483647;
			files = (
			);
			runOnlyForDeploymentPostprocessing = 0;
		};
/* End PBXResourcesBuildPhase section */

/* Begin PBXSourcesBuildPhase section */
		709E30811BFD62D100A65C83 /* Sources */ = {
			isa = PBXSourcesBuildPhase;
			buildActionMask = 2147483647;
			files = (
				709E30901BFD62D100A65C83 /* ViewController.swift in Sources */,
				709E308B1BFD62D100A65C83 /* AppDelegate.swift in Sources */,
				709E308E1BFD62D100A65C83 /* TestModal.xcdatamodeld in Sources */,
			);
			runOnlyForDeploymentPostprocessing = 0;
		};
		709E30991BFD62D100A65C83 /* Sources */ = {
			isa = PBXSourcesBuildPhase;
			buildActionMask = 2147483647;
			files = (
				709E30A41BFD62D100A65C83 /* TestModalTests.swift in Sources */,
			);
			runOnlyForDeploymentPostprocessing = 0;
		};
/* End PBXSourcesBuildPhase section */

/* Begin PBXTargetDependency section */
		709E309F1BFD62D100A65C83 /* PBXTargetDependency */ = {
			isa = PBXTargetDependency;
			target = 709E30841BFD62D100A65C83 /* TestModal */;
			targetProxy = 709E309E1BFD62D100A65C83 /* PBXContainerItemProxy */;
		};
/* End PBXTargetDependency section */

/* Begin PBXVariantGroup section */
		709E30911BFD62D100A65C83 /* Main.storyboard */ = {
			isa = PBXVariantGroup;
			children = (
				709E30921BFD62D100A65C83 /* Base */,
			);
			name = Main.storyboard;
			sourceTree = "<group>";
		};
		709E30961BFD62D100A65C83 /* LaunchScreen.xib */ = {
			isa = PBXVariantGroup;
			children = (
				709E30971BFD62D100A65C83 /* Base */,
			);
			name = LaunchScreen.xib;
			sourceTree = "<group>";
		};
/* End PBXVariantGroup section */

/* Begin XCBuildConfiguration section */
		709E30A51BFD62D100A65C83 /* Debug */ = {
			isa = XCBuildConfiguration;
			buildSettings = {
				ALWAYS_SEARCH_USER_PATHS = NO;
				CLANG_CXX_LANGUAGE_STANDARD = "gnu++0x";
				CLANG_CXX_LIBRARY = "libc++";
				CLANG_ENABLE_MODULES = YES;
				CLANG_ENABLE_OBJC_ARC = YES;
				CLANG_WARN_BOOL_CONVERSION = YES;
				CLANG_WARN_CONSTANT_CONVERSION = YES;
				CLANG_WARN_DIRECT_OBJC_ISA_USAGE = YES_ERROR;
				CLANG_WARN_EMPTY_BODY = YES;
				CLANG_WARN_ENUM_CONVERSION = YES;
				CLANG_WARN_INT_CONVERSION = YES;
				CLANG_WARN_OBJC_ROOT_CLASS = YES_ERROR;
				CLANG_WARN_UNREACHABLE_CODE = YES;
				CLANG_WARN__DUPLICATE_METHOD_MATCH = YES;
				"CODE_SIGN_IDENTITY[sdk=iphoneos*]" = "iPhone Developer";
				COPY_PHASE_STRIP = NO;
				ENABLE_STRICT_OBJC_MSGSEND = YES;
				GCC_C_LANGUAGE_STANDARD = gnu99;
				GCC_DYNAMIC_NO_PIC = NO;
				GCC_OPTIMIZATION_LEVEL = 0;
				GCC_PREPROCESSOR_DEFINITIONS = (
					"DEBUG=1",
					"$(inherited)",
				);
				GCC_SYMBOLS_PRIVATE_EXTERN = NO;
				GCC_WARN_64_TO_32_BIT_CONVERSION = YES;
				GCC_WARN_ABOUT_RETURN_TYPE = YES_ERROR;
				GCC_WARN_UNDECLARED_SELECTOR = YES;
				GCC_WARN_UNINITIALIZED_AUTOS = YES_AGGRESSIVE;
				GCC_WARN_UNUSED_FUNCTION = YES;
				GCC_WARN_UNUSED_VARIABLE = YES;
				IPHONEOS_DEPLOYMENT_TARGET = 8.1;
				MTL_ENABLE_DEBUG_INFO = YES;
				ONLY_ACTIVE_ARCH = YES;
				SDKROOT = iphoneos;
				SWIFT_OPTIMIZATION_LEVEL = "-Onone";
			};
			name = Debug;
		};
		709E30A61BFD62D100A65C83 /* Release */ = {
			isa = XCBuildConfiguration;
			buildSettings = {
				ALWAYS_SEARCH_USER_PATHS = NO;
				CLANG_CXX_LANGUAGE_STANDARD = "gnu++0x";
				CLANG_CXX_LIBRARY = "libc++";
				CLANG_ENABLE_MODULES = YES;
				CLANG_ENABLE_OBJC_ARC = YES;
				CLANG_WARN_BOOL_CONVERSION = YES;
				CLANG_WARN_CONSTANT_CONVERSION = YES;
				CLANG_WARN_DIRECT_OBJC_ISA_USAGE = YES_ERROR;
				CLANG_WARN_EMPTY_BODY = YES;
				CLANG_WARN_ENUM_CONVERSION = YES;
				CLANG_WARN_INT_CONVERSION = YES;
				CLANG_WARN_OBJC_ROOT_CLASS = YES_ERROR;
				CLANG_WARN_UNREACHABLE_CODE = YES;
				CLANG_WARN__DUPLICATE_METHOD_MATCH = YES;
				"CODE_SIGN_IDENTITY[sdk=iphoneos*]" = "iPhone Developer";
				COPY_PHASE_STRIP = YES;
				ENABLE_NS_ASSERTIONS = NO;
				ENABLE_STRICT_OBJC_MSGSEND = YES;
				GCC_C_LANGUAGE_STANDARD = gnu99;
				GCC_WARN_64_TO_32_BIT_CONVERSION = YES;
				GCC_WARN_ABOUT_RETURN_TYPE = YES_ERROR;
				GCC_WARN_UNDECLARED_SELECTOR = YES;
				GCC_WARN_UNINITIALIZED_AUTOS = YES_AGGRESSIVE;
				GCC_WARN_UNUSED_FUNCTION = YES;
				GCC_WARN_UNUSED_VARIABLE = YES;
				IPHONEOS_DEPLOYMENT_TARGET = 8.1;
				MTL_ENABLE_DEBUG_INFO = NO;
				SDKROOT = iphoneos;
				VALIDATE_PRODUCT = YES;
			};
			name = Release;
		};
		709E30A81BFD62D100A65C83 /* Debug */ = {
			isa = XCBuildConfiguration;
			buildSettings = {
				ASSETCATALOG_COMPILER_APPICON_NAME = AppIcon;
				INFOPLIST_FILE = TestModal/Info.plist;
				LD_RUNPATH_SEARCH_PATHS = "$(inherited) @executable_path/Frameworks";
				PRODUCT_NAME = "$(TARGET_NAME)";
			};
			name = Debug;
		};
		709E30A91BFD62D100A65C83 /* Release */ = {
			isa = XCBuildConfiguration;
			buildSettings = {
				ASSETCATALOG_COMPILER_APPICON_NAME = AppIcon;
				INFOPLIST_FILE = TestModal/Info.plist;
				LD_RUNPATH_SEARCH_PATHS = "$(inherited) @executable_path/Frameworks";
				PRODUCT_NAME = "$(TARGET_NAME)";
			};
			name = Release;
		};
		709E30AB1BFD62D100A65C83 /* Debug */ = {
			isa = XCBuildConfiguration;
			buildSettings = {
				BUNDLE_LOADER = "$(TEST_HOST)";
				FRAMEWORK_SEARCH_PATHS = (
					"$(SDKROOT)/Developer/Library/Frameworks",
					"$(inherited)",
				);
				GCC_PREPROCESSOR_DEFINITIONS = (
					"DEBUG=1",
					"$(inherited)",
				);
				INFOPLIST_FILE = TestModalTests/Info.plist;
				LD_RUNPATH_SEARCH_PATHS = "$(inherited) @executable_path/Frameworks @loader_path/Frameworks";
				PRODUCT_NAME = "$(TARGET_NAME)";
				TEST_HOST = "$(BUILT_PRODUCTS_DIR)/TestModal.app/TestModal";
			};
			name = Debug;
		};
		709E30AC1BFD62D100A65C83 /* Release */ = {
			isa = XCBuildConfiguration;
			buildSettings = {
				BUNDLE_LOADER = "$(TEST_HOST)";
				FRAMEWORK_SEARCH_PATHS = (
					"$(SDKROOT)/Developer/Library/Frameworks",
					"$(inherited)",
				);
				INFOPLIST_FILE = TestModalTests/Info.plist;
				LD_RUNPATH_SEARCH_PATHS = "$(inherited) @executable_path/Frameworks @loader_path/Frameworks";
				PRODUCT_NAME = "$(TARGET_NAME)";
				TEST_HOST = "$(BUILT_PRODUCTS_DIR)/TestModal.app/TestModal";
			};
			name = Release;
		};
/* End XCBuildConfiguration section */

/* Begin XCConfigurationList section */
		709E30801BFD62D100A65C83 /* Build configuration list for PBXProject "TestModal" */ = {
			isa = XCConfigurationList;
			buildConfigurations = (
				709E30A51BFD62D100A65C83 /* Debug */,
				709E30A61BFD62D100A65C83 /* Release */,
			);
			defaultConfigurationIsVisible = 0;
			defaultConfigurationName = Release;
		};
		709E30A71BFD62D100A65C83 /* Build configuration list for PBXNativeTarget "TestModal" */ = {
			isa = XCConfigurationList;
			buildConfigurations = (
				709E30A81BFD62D100A65C83 /* Debug */,
				709E30A91BFD62D100A65C83 /* Release */,
			);
			defaultConfigurationIsVisible = 0;
		};
		709E30AA1BFD62D100A65C83 /* Build configuration list for PBXNativeTarget "TestModalTests" */ = {
			isa = XCConfigurationList;
			buildConfigurations = (
				709E30AB1BFD62D100A65C83 /* Debug */,
				709E30AC1BFD62D100A65C83 /* Release */,
			);
			defaultConfigurationIsVisible = 0;
		};
/* End XCConfigurationList section */

/* Begin XCVersionGroup section */
		709E308C1BFD62D100A65C83 /* TestModal.xcdatamodeld */ = {
			isa = XCVersionGroup;
			children = (
				709E308D1BFD62D100A65C83 /* TestModal.xcdatamodel */,
			);
			currentVersion = 709E308D1BFD62D100A65C83 /* TestModal.xcdatamodel */;
			path = TestModal.xcdatamodeld;
			sourceTree = "<group>";
			versionGroupType = wrapper.xcdatamodel;
		};
/* End XCVersionGroup section */
	};
	rootObject = 709E307D1BFD62D100A65C83 /* Project object */;
}
